{
  "version": "5",
  "specifiers": {
    "jsr:@supabase/supabase-js@2": "2.117.2"
  },
  "jsr": {
    "@supabase/supabase-js@2.117.2": {
      "integrity": "25d69a2a93810fc5a396d40bc55b5a948ed0a44c5a7ed8e2da793c09240e77f1"
    }
  },
  "workspace": {
    "packageJson": {
      "dependencies": [
        "npm:@opennextjs/cloudflare@^1.20.7",
        "npm:@supabase/supabase-js@^2.117.2",
        "npm:@types/node@22",
        "npm:@types/react-dom@19",
        "npm:@types/react@19",
        "npm:next@16.3.7",
        "npm:react-dom@19.3.0",
        "npm:react@19.3.0",
        "npm:server-only@^0.0.1",
        "npm:typescript@5",
        "npm:wrangler@^4.144.0"
      ]
    }
  }
}
